
Microsoft Visual Studio Solution File, Format Version 12.00
# Visual Studio Version 17
VisualStudioVersion = 17.0.31903.59
MinimumVisualStudioVersion = 10.0.40219.1
Project("{FAE04EC0-301F-11D3-BF4B-00C04F79EFBC}") = "MusicPlayer", "MusicPlayer.csproj", "{B0E2E53C-39F7-4233-B5BA-88C4423782E8}"
EndProject
Global
	GlobalSection(SolutionConfigurationPlatforms) = preSolution
		Debug|Any CPU = Debug|Any CPU
		Release|Any CPU = Release|Any CPU
	EndGlobalSection
	GlobalSection(ProjectConfigurationPlatforms) = postSolution
		{B0E2E53C-39F7-4233-B5BA-88C4423782E8}.Debug|Any CPU.ActiveCfg = Debug|Any CPU
		{B0E2E53C-39F7-4233-B5BA-88C4423782E8}.Debug|Any CPU.Build.0 = Debug|Any CPU
		{B0E2E53C-39F7-4233-B5BA-88C4423782E8}.Release|Any CPU.ActiveCfg = Release|Any CPU
		{B0E2E53C-39F7-4233-B5BA-88C4423782E8}.Release|Any CPU.Build.0 = Release|Any CPU
	EndGlobalSection
	GlobalSection(SolutionProperties) = preSolution
		HideSolutionNode = FALSE
	EndGlobalSection
	GlobalSection(ExtensibilityGlobals) = postSolution
		SolutionGuid = {20951157-05BA-4A2A-B44D-82DEA49A17D2}
	EndGlobalSection
EndGlobal
